
Microsoft Visual Studio Solution File, Format Version 12.00
# Visual Studio Version 17
VisualStudioVersion = 17.1.32210.238
MinimumVisualStudioVersion = 10.0.40219.1
Project("{FAE04EC0-301F-11D3-BF4B-00C04F79EFBC}") = "ASP.NET_DBFirst", "ASP.NET_DBFirst\ASP.NET_DBFirst.csproj", "{0A4A4B54-6C86-4C04-9AC6-6A8A8895155B}"
EndProject
Global
	GlobalSection(SolutionConfigurationPlatforms) = preSolution
		Debug|Any CPU = Debug|Any CPU
		Release|Any CPU = Release|Any CPU
	EndGlobalSection
	GlobalSection(ProjectConfigurationPlatforms) = postSolution
		{0A4A4B54-6C86-4C04-9AC6-6A8A8895155B}.Debug|Any CPU.ActiveCfg = Debug|Any CPU
		{0A4A4B54-6C86-4C04-9AC6-6A8A8895155B}.Debug|Any CPU.Build.0 = Debug|Any CPU
		{0A4A4B54-6C86-4C04-9AC6-6A8A8895155B}.Release|Any CPU.ActiveCfg = Release|Any CPU
		{0A4A4B54-6C86-4C04-9AC6-6A8A8895155B}.Release|Any CPU.Build.0 = Release|Any CPU
	EndGlobalSection
	GlobalSection(SolutionProperties) = preSolution
		HideSolutionNode = FALSE
	EndGlobalSection
	GlobalSection(ExtensibilityGlobals) = postSolution
		SolutionGuid = {FB41D349-81E5-4060-AB0C-60BD123E3041}
	EndGlobalSection
EndGlobal
